{
  "version": 4,
  "terraform_version": "1.10.3",
  "serial": 127,
  "lineage": "c220ee8a-43ee-3e8f-01af-11b06e8e87c7",
  "outputs": {
    "project": {
      "value": "uda-dataeng",
      "type": "string"
    },
    "s3_bucket_name": {
      "value": "uda-dataeng-334997284084-datalake-20241225192836836200000001",
      "type": "string"
    }
  },
  "resources": [
    {
      "module": "module.etl_1_landing",
      "mode": "data",
      "type": "aws_caller_identity",
      "name": "current",
      "provider": "provider[\"registry.terraform.io/hashicorp/aws\"]",
      "instances": [
        {
          "schema_version": 0,
          "attributes": {
            "account_id": "334997284084",
            "arn": "arn:aws:iam::334997284084:user/noahDataLake",
            "id": "334997284084",
            "user_id": "AIDAU373E4T2AXJKLNSIV"
          },
          "sensitive_attributes": []
        }
      ]
    },
    {
      "module": "module.etl_1_landing",
      "mode": "managed",
      "type": "aws_s3_bucket",
      "name": "data_lake",
      "provider": "provider[\"registry.terraform.io/hashicorp/aws\"]",
      "instances": [
        {
          "schema_version": 0,
          "attributes": {
            "acceleration_status": "",
            "acl": null,
            "arn": "arn:aws:s3:::uda-dataeng-334997284084-datalake-20241225192836836200000001",
            "bucket": "uda-dataeng-334997284084-datalake-20241225192836836200000001",
            "bucket_domain_name": "uda-dataeng-334997284084-datalake-20241225192836836200000001.s3.amazonaws.com",
            "bucket_prefix": "uda-dataeng-334997284084-datalake-",
            "bucket_regional_domain_name": "uda-dataeng-334997284084-datalake-20241225192836836200000001.s3.us-east-1.amazonaws.com",
            "cors_rule": [],
            "force_destroy": false,
            "grant": [
              {
                "id": "7819154cbb1db44d69a6d7c6283d5662788c08f392e52d4dae9d05eb53e58748",
                "permissions": [
                  "FULL_CONTROL"
                ],
                "type": "CanonicalUser",
                "uri": ""
              }
            ],
            "hosted_zone_id": "Z3AQBSTGFYJSTF",
            "id": "uda-dataeng-334997284084-datalake-20241225192836836200000001",
            "lifecycle_rule": [],
            "logging": [],
            "object_lock_configuration": [],
            "object_lock_enabled": false,
            "policy": "",
            "region": "us-east-1",
            "replication_configuration": [],
            "request_payer": "BucketOwner",
            "server_side_encryption_configuration": [
              {
                "rule": [
                  {
                    "apply_server_side_encryption_by_default": [
                      {
                        "kms_master_key_id": "",
                        "sse_algorithm": "AES256"
                      }
                    ],
                    "bucket_key_enabled": false
                  }
                ]
              }
            ],
            "tags": null,
            "tags_all": {
              "comments": "this resource is managed by terraform",
              "project": "uda-dataeng",
              "terraform": "true"
            },
            "timeouts": null,
            "versioning": [
              {
                "enabled": false,
                "mfa_delete": false
              }
            ],
            "website": [],
            "website_domain": null,
            "website_endpoint": null
          },
          "sensitive_attributes": [],
          "private": "eyJlMmJmYjczMC1lY2FhLTExZTYtOGY4OC0zNDM2M2JjN2M0YzAiOnsiY3JlYXRlIjoxMjAwMDAwMDAwMDAwLCJkZWxldGUiOjM2MDAwMDAwMDAwMDAsInJlYWQiOjEyMDAwMDAwMDAwMDAsInVwZGF0ZSI6MTIwMDAwMDAwMDAwMH19",
          "dependencies": [
            "module.etl_1_landing.data.aws_caller_identity.current"
          ]
        }
      ]
    },
    {
      "module": "module.etl_1_landing",
      "mode": "managed",
      "type": "aws_s3_bucket_public_access_block",
      "name": "data_lake",
      "provider": "provider[\"registry.terraform.io/hashicorp/aws\"]",
      "instances": [
        {
          "schema_version": 0,
          "attributes": {
            "block_public_acls": true,
            "block_public_policy": true,
            "bucket": "uda-dataeng-334997284084-datalake-20241225192836836200000001",
            "id": "uda-dataeng-334997284084-datalake-20241225192836836200000001",
            "ignore_public_acls": true,
            "restrict_public_buckets": true
          },
          "sensitive_attributes": [],
          "private": "bnVsbA==",
          "dependencies": [
            "module.etl_1_landing.aws_s3_bucket.data_lake",
            "module.etl_1_landing.data.aws_caller_identity.current"
          ]
        }
      ]
    },
    {
      "module": "module.etl_1_landing",
      "mode": "managed",
      "type": "aws_s3_object",
      "name": "landing_accelerometer",
      "provider": "provider[\"registry.terraform.io/hashicorp/aws\"]",
      "instances": [
        {
          "index_key": "accelerometer-1691348231445.json",
          "schema_version": 0,
          "attributes": {
            "acl": null,
            "bucket": "uda-dataeng-334997284084-datalake-20241225192836836200000001",
            "bucket_key_enabled": false,
            "cache_control": "",
            "checksum_algorithm": null,
            "checksum_crc32": "",
            "checksum_crc32c": "",
            "checksum_sha1": "",
            "checksum_sha256": "",
            "content": null,
            "content_base64": null,
            "content_disposition": "",
            "content_encoding": "",
            "content_language": "",
            "content_type": "application/octet-stream",
            "etag": "5a27198521d2d898f56f0bab7dac3eef",
            "force_destroy": false,
            "id": "landing/accelerometer/accelerometer-1691348231445.json",
            "key": "landing/accelerometer/accelerometer-1691348231445.json",
            "kms_key_id": null,
            "metadata": null,
            "object_lock_legal_hold_status": "",
            "object_lock_mode": "",
            "object_lock_retain_until_date": "",
            "override_provider": [],
            "server_side_encryption": "AES256",
            "source": "modules/assets/etl_1_landing/data/accelerometer/landing/accelerometer-1691348231445.json",
            "source_hash": null,
            "storage_class": "STANDARD",
            "tags": null,
            "tags_all": {
              "comments": "this resource is managed by terraform",
              "project": "uda-dataeng",
              "terraform": "true"
            },
            "version_id": "",
            "website_redirect": ""
          },
          "sensitive_attributes": [],
          "private": "bnVsbA==",
          "dependencies": [
            "module.etl_1_landing.aws_s3_bucket.data_lake",
            "module.etl_1_landing.data.aws_caller_identity.current"
          ]
        },
        {
          "index_key": "accelerometer-1691348231495.json",
          "schema_version": 0,
          "attributes": {
            "acl": null,
            "bucket": "uda-dataeng-334997284084-datalake-20241225192836836200000001",
            "bucket_key_enabled": false,
            "cache_control": "",
            "checksum_algorithm": null,
            "checksum_crc32": "",
            "checksum_crc32c": "",
            "checksum_sha1": "",
            "checksum_sha256": "",
            "content": null,
            "content_base64": null,
            "content_disposition": "",
            "content_encoding": "",
            "content_language": "",
            "content_type": "application/octet-stream",
            "etag": "d3c58c942e0c890536c71392adaf7baf",
            "force_destroy": false,
            "id": "landing/accelerometer/accelerometer-1691348231495.json",
            "key": "landing/accelerometer/accelerometer-1691348231495.json",
            "kms_key_id": null,
            "metadata": null,
            "object_lock_legal_hold_status": "",
            "object_lock_mode": "",
            "object_lock_retain_until_date": "",
            "override_provider": [],
            "server_side_encryption": "AES256",
            "source": "modules/assets/etl_1_landing/data/accelerometer/landing/accelerometer-1691348231495.json",
            "source_hash": null,
            "storage_class": "STANDARD",
            "tags": null,
            "tags_all": {
              "comments": "this resource is managed by terraform",
              "project": "uda-dataeng",
              "terraform": "true"
            },
            "version_id": "",
            "website_redirect": ""
          },
          "sensitive_attributes": [],
          "private": "bnVsbA==",
          "dependencies": [
            "module.etl_1_landing.aws_s3_bucket.data_lake",
            "module.etl_1_landing.data.aws_caller_identity.current"
          ]
        },
        {
          "index_key": "accelerometer-1691348231576.json",
          "schema_version": 0,
          "attributes": {
            "acl": null,
            "bucket": "uda-dataeng-334997284084-datalake-20241225192836836200000001",
            "bucket_key_enabled": false,
            "cache_control": "",
            "checksum_algorithm": null,
            "checksum_crc32": "",
            "checksum_crc32c": "",
            "checksum_sha1": "",
            "checksum_sha256": "",
            "content": null,
            "content_base64": null,
            "content_disposition": "",
            "content_encoding": "",
            "content_language": "",
            "content_type": "application/octet-stream",
            "etag": "ecb9beae5826b45ef6d5e47f4c383543",
            "force_destroy": false,
            "id": "landing/accelerometer/accelerometer-1691348231576.json",
            "key": "landing/accelerometer/accelerometer-1691348231576.json",
            "kms_key_id": null,
            "metadata": null,
            "object_lock_legal_hold_status": "",
            "object_lock_mode": "",
            "object_lock_retain_until_date": "",
            "override_provider": [],
            "server_side_encryption": "AES256",
            "source": "modules/assets/etl_1_landing/data/accelerometer/landing/accelerometer-1691348231576.json",
            "source_hash": null,
            "storage_class": "STANDARD",
            "tags": null,
            "tags_all": {
              "comments": "this resource is managed by terraform",
              "project": "uda-dataeng",
              "terraform": "true"
            },
            "version_id": "",
            "website_redirect": ""
          },
          "sensitive_attributes": [],
          "private": "bnVsbA==",
          "dependencies": [
            "module.etl_1_landing.aws_s3_bucket.data_lake",
            "module.etl_1_landing.data.aws_caller_identity.current"
          ]
        },
        {
          "index_key": "accelerometer-1691348231724.json",
          "schema_version": 0,
          "attributes": {
            "acl": null,
            "bucket": "uda-dataeng-334997284084-datalake-20241225192836836200000001",
            "bucket_key_enabled": false,
            "cache_control": "",
            "checksum_algorithm": null,
            "checksum_crc32": "",
            "checksum_crc32c": "",
            "checksum_sha1": "",
            "checksum_sha256": "",
            "content": null,
            "content_base64": null,
            "content_disposition": "",
            "content_encoding": "",
            "content_language": "",
            "content_type": "application/octet-stream",
            "etag": "9dd85a461186cce5f875046637bfe593",
            "force_destroy": false,
            "id": "landing/accelerometer/accelerometer-1691348231724.json",
            "key": "landing/accelerometer/accelerometer-1691348231724.json",
            "kms_key_id": null,
            "metadata": null,
            "object_lock_legal_hold_status": "",
            "object_lock_mode": "",
            "object_lock_retain_until_date": "",
            "override_provider": [],
            "server_side_encryption": "AES256",
            "source": "modules/assets/etl_1_landing/data/accelerometer/landing/accelerometer-1691348231724.json",
            "source_hash": null,
            "storage_class": "STANDARD",
            "tags": null,
            "tags_all": {
              "comments": "this resource is managed by terraform",
              "project": "uda-dataeng",
              "terraform": "true"
            },
            "version_id": "",
            "website_redirect": ""
          },
          "sensitive_attributes": [],
          "private": "bnVsbA==",
          "dependencies": [
            "module.etl_1_landing.aws_s3_bucket.data_lake",
            "module.etl_1_landing.data.aws_caller_identity.current"
          ]
        },
        {
          "index_key": "accelerometer-1691348231810.json",
          "schema_version": 0,
          "attributes": {
            "acl": null,
            "bucket": "uda-dataeng-334997284084-datalake-20241225192836836200000001",
            "bucket_key_enabled": false,
            "cache_control": "",
            "checksum_algorithm": null,
            "checksum_crc32": "",
            "checksum_crc32c": "",
            "checksum_sha1": "",
            "checksum_sha256": "",
            "content": null,
            "content_base64": null,
            "content_disposition": "",
            "content_encoding": "",
            "content_language": "",
            "content_type": "application/octet-stream",
            "etag": "2f4fdba4161a1df927464ad654f35a4a",
            "force_destroy": false,
            "id": "landing/accelerometer/accelerometer-1691348231810.json",
            "key": "landing/accelerometer/accelerometer-1691348231810.json",
            "kms_key_id": null,
            "metadata": null,
            "object_lock_legal_hold_status": "",
            "object_lock_mode": "",
            "object_lock_retain_until_date": "",
            "override_provider": [],
            "server_side_encryption": "AES256",
            "source": "modules/assets/etl_1_landing/data/accelerometer/landing/accelerometer-1691348231810.json",
            "source_hash": null,
            "storage_class": "STANDARD",
            "tags": null,
            "tags_all": {
              "comments": "this resource is managed by terraform",
              "project": "uda-dataeng",
              "terraform": "true"
            },
            "version_id": "",
            "website_redirect": ""
          },
          "sensitive_attributes": [],
          "private": "bnVsbA==",
          "dependencies": [
            "module.etl_1_landing.aws_s3_bucket.data_lake",
            "module.etl_1_landing.data.aws_caller_identity.current"
          ]
        },
        {
          "index_key": "accelerometer-1691348231881.json",
          "schema_version": 0,
          "attributes": {
            "acl": null,
            "bucket": "uda-dataeng-334997284084-datalake-20241225192836836200000001",
            "bucket_key_enabled": false,
            "cache_control": "",
            "checksum_algorithm": null,
            "checksum_crc32": "",
            "checksum_crc32c": "",
            "checksum_sha1": "",
            "checksum_sha256": "",
            "content": null,
            "content_base64": null,
            "content_disposition": "",
            "content_encoding": "",
            "content_language": "",
            "content_type": "application/octet-stream",
            "etag": "7140af6c9e3099dfc187eae26d20b9cf",
            "force_destroy": false,
            "id": "landing/accelerometer/accelerometer-1691348231881.json",
            "key": "landing/accelerometer/accelerometer-1691348231881.json",
            "kms_key_id": null,
            "metadata": null,
            "object_lock_legal_hold_status": "",
            "object_lock_mode": "",
            "object_lock_retain_until_date": "",
            "override_provider": [],
            "server_side_encryption": "AES256",
            "source": "modules/assets/etl_1_landing/data/accelerometer/landing/accelerometer-1691348231881.json",
            "source_hash": null,
            "storage_class": "STANDARD",
            "tags": null,
            "tags_all": {
              "comments": "this resource is managed by terraform",
              "project": "uda-dataeng",
              "terraform": "true"
            },
            "version_id": "",
            "website_redirect": ""
          },
          "sensitive_attributes": [],
          "private": "bnVsbA==",
          "dependencies": [
            "module.etl_1_landing.aws_s3_bucket.data_lake",
            "module.etl_1_landing.data.aws_caller_identity.current"
          ]
        },
        {
          "index_key": "accelerometer-1691348231931.json",
          "schema_version": 0,
          "attributes": {
            "acl": null,
            "bucket": "uda-dataeng-334997284084-datalake-20241225192836836200000001",
            "bucket_key_enabled": false,
            "cache_control": "",
            "checksum_algorithm": null,
            "checksum_crc32": "",
            "checksum_crc32c": "",
            "checksum_sha1": "",
            "checksum_sha256": "",
            "content": null,
            "content_base64": null,
            "content_disposition": "",
            "content_encoding": "",
            "content_language": "",
            "content_type": "application/octet-stream",
            "etag": "82a1ec8e388833b48d1e17d2797f8c56",
            "force_destroy": false,
            "id": "landing/accelerometer/accelerometer-1691348231931.json",
            "key": "landing/accelerometer/accelerometer-1691348231931.json",
            "kms_key_id": null,
            "metadata": null,
            "object_lock_legal_hold_status": "",
            "object_lock_mode": "",
            "object_lock_retain_until_date": "",
            "override_provider": [],
            "server_side_encryption": "AES256",
            "source": "modules/assets/etl_1_landing/data/accelerometer/landing/accelerometer-1691348231931.json",
            "source_hash": null,
            "storage_class": "STANDARD",
            "tags": null,
            "tags_all": {
              "comments": "this resource is managed by terraform",
              "project": "uda-dataeng",
              "terraform": "true"
            },
            "version_id": "",
            "website_redirect": ""
          },
          "sensitive_attributes": [],
          "private": "bnVsbA==",
          "dependencies": [
            "module.etl_1_landing.aws_s3_bucket.data_lake",
            "module.etl_1_landing.data.aws_caller_identity.current"
          ]
        },
        {
          "index_key": "accelerometer-1691348231983.json",
          "schema_version": 0,
          "attributes": {
            "acl": null,
            "bucket": "uda-dataeng-334997284084-datalake-20241225192836836200000001",
            "bucket_key_enabled": false,
            "cache_control": "",
            "checksum_algorithm": null,
            "checksum_crc32": "",
            "checksum_crc32c": "",
            "checksum_sha1": "",
            "checksum_sha256": "",
            "content": null,
            "content_base64": null,
            "content_disposition": "",
            "content_encoding": "",
            "content_language": "",
            "content_type": "application/octet-stream",
            "etag": "81ea3409d18bfda324b49a8f2f4fff6a",
            "force_destroy": false,
            "id": "landing/accelerometer/accelerometer-1691348231983.json",
            "key": "landing/accelerometer/accelerometer-1691348231983.json",
            "kms_key_id": null,
            "metadata": null,
            "object_lock_legal_hold_status": "",
            "object_lock_mode": "",
            "object_lock_retain_until_date": "",
            "override_provider": [],
            "server_side_encryption": "AES256",
            "source": "modules/assets/etl_1_landing/data/accelerometer/landing/accelerometer-1691348231983.json",
            "source_hash": null,
            "storage_class": "STANDARD",
            "tags": null,
            "tags_all": {
              "comments": "this resource is managed by terraform",
              "project": "uda-dataeng",
              "terraform": "true"
            },
            "version_id": "",
            "website_redirect": ""
          },
          "sensitive_attributes": [],
          "private": "bnVsbA==",
          "dependencies": [
            "module.etl_1_landing.aws_s3_bucket.data_lake",
            "module.etl_1_landing.data.aws_caller_identity.current"
          ]
        },
        {
          "index_key": "accelerometer-1691348232031.json",
          "schema_version": 0,
          "attributes": {
            "acl": null,
            "bucket": "uda-dataeng-334997284084-datalake-20241225192836836200000001",
            "bucket_key_enabled": false,
            "cache_control": "",
            "checksum_algorithm": null,
            "checksum_crc32": "",
            "checksum_crc32c": "",
            "checksum_sha1": "",
            "checksum_sha256": "",
            "content": null,
            "content_base64": null,
            "content_disposition": "",
            "content_encoding": "",
            "content_language": "",
            "content_type": "application/octet-stream",
            "etag": "136f3baa80f4fc74579319621d048286",
            "force_destroy": false,
            "id": "landing/accelerometer/accelerometer-1691348232031.json",
            "key": "landing/accelerometer/accelerometer-1691348232031.json",
            "kms_key_id": null,
            "metadata": null,
            "object_lock_legal_hold_status": "",
            "object_lock_mode": "",
            "object_lock_retain_until_date": "",
            "override_provider": [],
            "server_side_encryption": "AES256",
            "source": "modules/assets/etl_1_landing/data/accelerometer/landing/accelerometer-1691348232031.json",
            "source_hash": null,
            "storage_class": "STANDARD",
            "tags": null,
            "tags_all": {
              "comments": "this resource is managed by terraform",
              "project": "uda-dataeng",
              "terraform": "true"
            },
            "version_id": "",
            "website_redirect": ""
          },
          "sensitive_attributes": [],
          "private": "bnVsbA==",
          "dependencies": [
            "module.etl_1_landing.aws_s3_bucket.data_lake",
            "module.etl_1_landing.data.aws_caller_identity.current"
          ]
        }
      ]
    },
    {
      "module": "module.etl_1_landing",
      "mode": "managed",
      "type": "aws_s3_object",
      "name": "landing_customer",
      "provider": "provider[\"registry.terraform.io/hashicorp/aws\"]",
      "instances": [
        {
          "schema_version": 0,
          "attributes": {
            "acl": null,
            "bucket": "uda-dataeng-334997284084-datalake-20241225192836836200000001",
            "bucket_key_enabled": false,
            "cache_control": "",
            "checksum_algorithm": null,
            "checksum_crc32": "",
            "checksum_crc32c": "",
            "checksum_sha1": "",
            "checksum_sha256": "",
            "content": null,
            "content_base64": null,
            "content_disposition": "",
            "content_encoding": "",
            "content_language": "",
            "content_type": "application/octet-stream",
            "etag": "b219c890ff5cd267822c5c53d9646ad2",
            "force_destroy": false,
            "id": "/landing/customer/customer-1691348231425.json",
            "key": "/landing/customer/customer-1691348231425.json",
            "kms_key_id": null,
            "metadata": null,
            "object_lock_legal_hold_status": "",
            "object_lock_mode": "",
            "object_lock_retain_until_date": "",
            "override_provider": [],
            "server_side_encryption": "AES256",
            "source": "modules/assets/etl_1_landing/data/customer/landing/customer-1691348231425.json",
            "source_hash": null,
            "storage_class": "STANDARD",
            "tags": null,
            "tags_all": {
              "comments": "this resource is managed by terraform",
              "project": "uda-dataeng",
              "terraform": "true"
            },
            "version_id": "",
            "website_redirect": ""
          },
          "sensitive_attributes": [],
          "private": "bnVsbA==",
          "dependencies": [
            "module.etl_1_landing.aws_s3_bucket.data_lake",
            "module.etl_1_landing.data.aws_caller_identity.current"
          ]
        }
      ]
    },
    {
      "module": "module.etl_1_landing",
      "mode": "managed",
      "type": "aws_s3_object",
      "name": "landing_step_trainer",
      "provider": "provider[\"registry.terraform.io/hashicorp/aws\"]",
      "instances": [
        {
          "index_key": "step_trainer-1691348232038.json",
          "schema_version": 0,
          "attributes": {
            "acl": null,
            "bucket": "uda-dataeng-334997284084-datalake-20241225192836836200000001",
            "bucket_key_enabled": false,
            "cache_control": "",
            "checksum_algorithm": null,
            "checksum_crc32": "",
            "checksum_crc32c": "",
            "checksum_sha1": "",
            "checksum_sha256": "",
            "content": null,
            "content_base64": null,
            "content_disposition": "",
            "content_encoding": "",
            "content_language": "",
            "content_type": "application/octet-stream",
            "etag": "8cc71a8d11eea6a85740d7279d35ec9a",
            "force_destroy": false,
            "id": "landing/step_trainer/step_trainer-1691348232038.json",
            "key": "landing/step_trainer/step_trainer-1691348232038.json",
            "kms_key_id": null,
            "metadata": null,
            "object_lock_legal_hold_status": "",
            "object_lock_mode": "",
            "object_lock_retain_until_date": "",
            "override_provider": [],
            "server_side_encryption": "AES256",
            "source": "modules/assets/etl_1_landing/data/step_trainer/landing/step_trainer-1691348232038.json",
            "source_hash": null,
            "storage_class": "STANDARD",
            "tags": null,
            "tags_all": {
              "comments": "this resource is managed by terraform",
              "project": "uda-dataeng",
              "terraform": "true"
            },
            "version_id": "",
            "website_redirect": ""
          },
          "sensitive_attributes": [],
          "private": "bnVsbA==",
          "dependencies": [
            "module.etl_1_landing.aws_s3_bucket.data_lake",
            "module.etl_1_landing.data.aws_caller_identity.current"
          ]
        },
        {
          "index_key": "step_trainer-1691348232085.json",
          "schema_version": 0,
          "attributes": {
            "acl": null,
            "bucket": "uda-dataeng-334997284084-datalake-20241225192836836200000001",
            "bucket_key_enabled": false,
            "cache_control": "",
            "checksum_algorithm": null,
            "checksum_crc32": "",
            "checksum_crc32c": "",
            "checksum_sha1": "",
            "checksum_sha256": "",
            "content": null,
            "content_base64": null,
            "content_disposition": "",
            "content_encoding": "",
            "content_language": "",
            "content_type": "application/octet-stream",
            "etag": "48a218f21e1b37299b4c1969ef1afa6f",
            "force_destroy": false,
            "id": "landing/step_trainer/step_trainer-1691348232085.json",
            "key": "landing/step_trainer/step_trainer-1691348232085.json",
            "kms_key_id": null,
            "metadata": null,
            "object_lock_legal_hold_status": "",
            "object_lock_mode": "",
            "object_lock_retain_until_date": "",
            "override_provider": [],
            "server_side_encryption": "AES256",
            "source": "modules/assets/etl_1_landing/data/step_trainer/landing/step_trainer-1691348232085.json",
            "source_hash": null,
            "storage_class": "STANDARD",
            "tags": null,
            "tags_all": {
              "comments": "this resource is managed by terraform",
              "project": "uda-dataeng",
              "terraform": "true"
            },
            "version_id": "",
            "website_redirect": ""
          },
          "sensitive_attributes": [],
          "private": "bnVsbA==",
          "dependencies": [
            "module.etl_1_landing.aws_s3_bucket.data_lake",
            "module.etl_1_landing.data.aws_caller_identity.current"
          ]
        },
        {
          "index_key": "step_trainer-1691348232132.json",
          "schema_version": 0,
          "attributes": {
            "acl": null,
            "bucket": "uda-dataeng-334997284084-datalake-20241225192836836200000001",
            "bucket_key_enabled": false,
            "cache_control": "",
            "checksum_algorithm": null,
            "checksum_crc32": "",
            "checksum_crc32c": "",
            "checksum_sha1": "",
            "checksum_sha256": "",
            "content": null,
            "content_base64": null,
            "content_disposition": "",
            "content_encoding": "",
            "content_language": "",
            "content_type": "application/octet-stream",
            "etag": "7484ea23173beaf939f5eed8643cd8fc",
            "force_destroy": false,
            "id": "landing/step_trainer/step_trainer-1691348232132.json",
            "key": "landing/step_trainer/step_trainer-1691348232132.json",
            "kms_key_id": null,
            "metadata": null,
            "object_lock_legal_hold_status": "",
            "object_lock_mode": "",
            "object_lock_retain_until_date": "",
            "override_provider": [],
            "server_side_encryption": "AES256",
            "source": "modules/assets/etl_1_landing/data/step_trainer/landing/step_trainer-1691348232132.json",
            "source_hash": null,
            "storage_class": "STANDARD",
            "tags": null,
            "tags_all": {
              "comments": "this resource is managed by terraform",
              "project": "uda-dataeng",
              "terraform": "true"
            },
            "version_id": "",
            "website_redirect": ""
          },
          "sensitive_attributes": [],
          "private": "bnVsbA==",
          "dependencies": [
            "module.etl_1_landing.aws_s3_bucket.data_lake",
            "module.etl_1_landing.data.aws_caller_identity.current"
          ]
        }
      ]
    },
    {
      "module": "module.vpc",
      "mode": "managed",
      "type": "aws_default_network_acl",
      "name": "this",
      "provider": "provider[\"registry.terraform.io/hashicorp/aws\"]",
      "instances": [
        {
          "index_key": 0,
          "schema_version": 0,
          "attributes": {
            "arn": "arn:aws:ec2:us-east-1:334997284084:network-acl/acl-039b9ff9dbc180978",
            "default_network_acl_id": "acl-039b9ff9dbc180978",
            "egress": [
              {
                "action": "allow",
                "cidr_block": "",
                "from_port": 0,
                "icmp_code": null,
                "icmp_type": null,
                "ipv6_cidr_block": "::/0",
                "protocol": "-1",
                "rule_no": 101,
                "to_port": 0
              },
              {
                "action": "allow",
                "cidr_block": "0.0.0.0/0",
                "from_port": 0,
                "icmp_code": null,
                "icmp_type": null,
                "ipv6_cidr_block": "",
                "protocol": "-1",
                "rule_no": 100,
                "to_port": 0
              }
            ],
            "id": "acl-039b9ff9dbc180978",
            "ingress": [
              {
                "action": "allow",
                "cidr_block": "",
                "from_port": 0,
                "icmp_code": null,
                "icmp_type": null,
                "ipv6_cidr_block": "::/0",
                "protocol": "-1",
                "rule_no": 101,
                "to_port": 0
              },
              {
                "action": "allow",
                "cidr_block": "0.0.0.0/0",
                "from_port": 0,
                "icmp_code": null,
                "icmp_type": null,
                "ipv6_cidr_block": "",
                "protocol": "-1",
                "rule_no": 100,
                "to_port": 0
              }
            ],
            "owner_id": "334997284084",
            "subnet_ids": [
              "subnet-0099260ab83ef5f27",
              "subnet-01367e16939b067dd",
              "subnet-0c9550a088b109e08",
              "subnet-0d939fbd324192696"
            ],
            "tags": {
              "Name": "uda-dataeng-udacity-dev-vpc-default",
              "environment": "dev",
              "owners": "udacity"
            },
            "tags_all": {
              "Name": "uda-dataeng-udacity-dev-vpc-default",
              "comments": "this resource is managed by terraform",
              "environment": "dev",
              "owners": "udacity",
              "project": "uda-dataeng",
              "terraform": "true"
            },
            "vpc_id": "vpc-092c80ee8a35c706e"
          },
          "sensitive_attributes": [],
          "private": "bnVsbA==",
          "dependencies": [
            "module.vpc.aws_vpc.this"
          ]
        }
      ]
    },
    {
      "module": "module.vpc",
      "mode": "managed",
      "type": "aws_default_route_table",
      "name": "default",
      "provider": "provider[\"registry.terraform.io/hashicorp/aws\"]",
      "instances": [
        {
          "index_key": 0,
          "schema_version": 0,
          "attributes": {
            "arn": "arn:aws:ec2:us-east-1:334997284084:route-table/rtb-0030b9425e219331c",
            "default_route_table_id": "rtb-0030b9425e219331c",
            "id": "rtb-0030b9425e219331c",
            "owner_id": "334997284084",
            "propagating_vgws": null,
            "route": [],
            "tags": {
              "Name": "uda-dataeng-udacity-dev-vpc-default",
              "environment": "dev",
              "owners": "udacity"
            },
            "tags_all": {
              "Name": "uda-dataeng-udacity-dev-vpc-default",
              "comments": "this resource is managed by terraform",
              "environment": "dev",
              "owners": "udacity",
              "project": "uda-dataeng",
              "terraform": "true"
            },
            "timeouts": {
              "create": "5m",
              "update": "5m"
            },
            "vpc_id": "vpc-092c80ee8a35c706e"
          },
          "sensitive_attributes": [],
          "private": "eyJlMmJmYjczMC1lY2FhLTExZTYtOGY4OC0zNDM2M2JjN2M0YzAiOnsiY3JlYXRlIjozMDAwMDAwMDAwMDAsInVwZGF0ZSI6MzAwMDAwMDAwMDAwfX0=",
          "dependencies": [
            "module.vpc.aws_vpc.this"
          ]
        }
      ]
    },
    {
      "module": "module.vpc",
      "mode": "managed",
      "type": "aws_default_security_group",
      "name": "this",
      "provider": "provider[\"registry.terraform.io/hashicorp/aws\"]",
      "instances": [
        {
          "index_key": 0,
          "schema_version": 1,
          "attributes": {
            "arn": "arn:aws:ec2:us-east-1:334997284084:security-group/sg-0296ff600518f2114",
            "description": "default VPC security group",
            "egress": [],
            "id": "sg-0296ff600518f2114",
            "ingress": [],
            "name": "default",
            "name_prefix": "",
            "owner_id": "334997284084",
            "revoke_rules_on_delete": false,
            "tags": {
              "Name": "uda-dataeng-udacity-dev-vpc-default",
              "environment": "dev",
              "owners": "udacity"
            },
            "tags_all": {
              "Name": "uda-dataeng-udacity-dev-vpc-default",
              "comments": "this resource is managed by terraform",
              "environment": "dev",
              "owners": "udacity",
              "project": "uda-dataeng",
              "terraform": "true"
            },
            "vpc_id": "vpc-092c80ee8a35c706e"
          },
          "sensitive_attributes": [],
          "private": "eyJzY2hlbWFfdmVyc2lvbiI6IjEifQ==",
          "dependencies": [
            "module.vpc.aws_vpc.this"
          ]
        }
      ]
    },
    {
      "module": "module.vpc",
      "mode": "managed",
      "type": "aws_eip",
      "name": "nat",
      "provider": "provider[\"registry.terraform.io/hashicorp/aws\"]",
      "instances": [
        {
          "index_key": 0,
          "schema_version": 0,
          "attributes": {
            "address": null,
            "allocation_id": "eipalloc-04393dd39ae3c8848",
            "associate_with_private_ip": null,
            "association_id": "",
            "carrier_ip": "",
            "customer_owned_ip": "",
            "customer_owned_ipv4_pool": "",
            "domain": "vpc",
            "id": "eipalloc-04393dd39ae3c8848",
            "instance": "",
            "network_border_group": "us-east-1",
            "network_interface": "",
            "private_dns": null,
            "private_ip": "",
            "public_dns": "ec2-44-214-244-215.compute-1.amazonaws.com",
            "public_ip": "44.214.244.215",
            "public_ipv4_pool": "amazon",
            "tags": {
              "Name": "uda-dataeng-udacity-dev-vpc-us-east-1b",
              "environment": "dev",
              "owners": "udacity"
            },
            "tags_all": {
              "Name": "uda-dataeng-udacity-dev-vpc-us-east-1b",
              "comments": "this resource is managed by terraform",
              "environment": "dev",
              "owners": "udacity",
              "project": "uda-dataeng",
              "terraform": "true"
            },
            "timeouts": null,
            "vpc": true
          },
          "sensitive_attributes": [],
          "private": "eyJlMmJmYjczMC1lY2FhLTExZTYtOGY4OC0zNDM2M2JjN2M0YzAiOnsiZGVsZXRlIjoxODAwMDAwMDAwMDAsInJlYWQiOjkwMDAwMDAwMDAwMCwidXBkYXRlIjozMDAwMDAwMDAwMDB9fQ==",
          "dependencies": [
            "module.vpc.aws_internet_gateway.this",
            "module.vpc.aws_vpc.this",
            "module.vpc.aws_vpc_ipv4_cidr_block_association.this"
          ]
        },
        {
          "index_key": 1,
          "schema_version": 0,
          "attributes": {
            "address": null,
            "allocation_id": "eipalloc-0e36e11ac63a1ec5e",
            "associate_with_private_ip": null,
            "association_id": "",
            "carrier_ip": "",
            "customer_owned_ip": "",
            "customer_owned_ipv4_pool": "",
            "domain": "vpc",
            "id": "eipalloc-0e36e11ac63a1ec5e",
            "instance": "",
            "network_border_group": "us-east-1",
            "network_interface": "",
            "private_dns": null,
            "private_ip": "",
            "public_dns": "ec2-50-17-86-160.compute-1.amazonaws.com",
            "public_ip": "50.17.86.160",
            "public_ipv4_pool": "amazon",
            "tags": {
              "Name": "uda-dataeng-udacity-dev-vpc-us-east-1c",
              "environment": "dev",
              "owners": "udacity"
            },
            "tags_all": {
              "Name": "uda-dataeng-udacity-dev-vpc-us-east-1c",
              "comments": "this resource is managed by terraform",
              "environment": "dev",
              "owners": "udacity",
              "project": "uda-dataeng",
              "terraform": "true"
            },
            "timeouts": null,
            "vpc": true
          },
          "sensitive_attributes": [],
          "private": "eyJlMmJmYjczMC1lY2FhLTExZTYtOGY4OC0zNDM2M2JjN2M0YzAiOnsiZGVsZXRlIjoxODAwMDAwMDAwMDAsInJlYWQiOjkwMDAwMDAwMDAwMCwidXBkYXRlIjozMDAwMDAwMDAwMDB9fQ==",
          "dependencies": [
            "module.vpc.aws_internet_gateway.this",
            "module.vpc.aws_vpc.this",
            "module.vpc.aws_vpc_ipv4_cidr_block_association.this"
          ]
        }
      ]
    },
    {
      "module": "module.vpc",
      "mode": "managed",
      "type": "aws_internet_gateway",
      "name": "this",
      "provider": "provider[\"registry.terraform.io/hashicorp/aws\"]",
      "instances": [
        {
          "index_key": 0,
          "schema_version": 0,
          "attributes": {
            "arn": "arn:aws:ec2:us-east-1:334997284084:internet-gateway/igw-027edb89bb1fde9ba",
            "id": "igw-027edb89bb1fde9ba",
            "owner_id": "334997284084",
            "tags": {
              "Name": "uda-dataeng-udacity-dev-vpc",
              "environment": "dev",
              "owners": "udacity"
            },
            "tags_all": {
              "Name": "uda-dataeng-udacity-dev-vpc",
              "comments": "this resource is managed by terraform",
              "environment": "dev",
              "owners": "udacity",
              "project": "uda-dataeng",
              "terraform": "true"
            },
            "timeouts": null,
            "vpc_id": "vpc-092c80ee8a35c706e"
          },
          "sensitive_attributes": [],
          "private": "eyJlMmJmYjczMC1lY2FhLTExZTYtOGY4OC0zNDM2M2JjN2M0YzAiOnsiY3JlYXRlIjoxMjAwMDAwMDAwMDAwLCJkZWxldGUiOjEyMDAwMDAwMDAwMDAsInVwZGF0ZSI6MTIwMDAwMDAwMDAwMH19",
          "dependencies": [
            "module.vpc.aws_vpc.this",
            "module.vpc.aws_vpc_ipv4_cidr_block_association.this"
          ]
        }
      ]
    },
    {
      "module": "module.vpc",
      "mode": "managed",
      "type": "aws_nat_gateway",
      "name": "this",
      "provider": "provider[\"registry.terraform.io/hashicorp/aws\"]",
      "instances": [
        {
          "index_key": 0,
          "schema_version": 0,
          "attributes": {
            "allocation_id": "eipalloc-04393dd39ae3c8848",
            "association_id": "eipassoc-070351805503cfff7",
            "connectivity_type": "public",
            "id": "nat-0cda774290fb377f6",
            "network_interface_id": "eni-03da09f1fbc2b1730",
            "private_ip": "10.0.101.182",
            "public_ip": "44.214.244.215",
            "secondary_allocation_ids": null,
            "secondary_private_ip_address_count": 0,
            "secondary_private_ip_addresses": [],
            "subnet_id": "subnet-0099260ab83ef5f27",
            "tags": {
              "Name": "uda-dataeng-udacity-dev-vpc-us-east-1b",
              "environment": "dev",
              "owners": "udacity"
            },
            "tags_all": {
              "Name": "uda-dataeng-udacity-dev-vpc-us-east-1b",
              "comments": "this resource is managed by terraform",
              "environment": "dev",
              "owners": "udacity",
              "project": "uda-dataeng",
              "terraform": "true"
            },
            "timeouts": null
          },
          "sensitive_attributes": [],
          "private": "eyJlMmJmYjczMC1lY2FhLTExZTYtOGY4OC0zNDM2M2JjN2M0YzAiOnsiY3JlYXRlIjo2MDAwMDAwMDAwMDAsImRlbGV0ZSI6MTgwMDAwMDAwMDAwMCwidXBkYXRlIjo2MDAwMDAwMDAwMDB9fQ==",
          "dependencies": [
            "module.vpc.aws_eip.nat",
            "module.vpc.aws_internet_gateway.this",
            "module.vpc.aws_subnet.public",
            "module.vpc.aws_vpc.this",
            "module.vpc.aws_vpc_ipv4_cidr_block_association.this"
          ]
        },
        {
          "index_key": 1,
          "schema_version": 0,
          "attributes": {
            "allocation_id": "eipalloc-0e36e11ac63a1ec5e",
            "association_id": "eipassoc-09f5e6e068841f4a7",
            "connectivity_type": "public",
            "id": "nat-0e6144dc987b9e1d9",
            "network_interface_id": "eni-05f5ffb33305e338d",
            "private_ip": "10.0.102.87",
            "public_ip": "50.17.86.160",
            "secondary_allocation_ids": null,
            "secondary_private_ip_address_count": 0,
            "secondary_private_ip_addresses": [],
            "subnet_id": "subnet-01367e16939b067dd",
            "tags": {
              "Name": "uda-dataeng-udacity-dev-vpc-us-east-1c",
              "environment": "dev",
              "owners": "udacity"
            },
            "tags_all": {
              "Name": "uda-dataeng-udacity-dev-vpc-us-east-1c",
              "comments": "this resource is managed by terraform",
              "environment": "dev",
              "owners": "udacity",
              "project": "uda-dataeng",
              "terraform": "true"
            },
            "timeouts": null
          },
          "sensitive_attributes": [],
          "private": "eyJlMmJmYjczMC1lY2FhLTExZTYtOGY4OC0zNDM2M2JjN2M0YzAiOnsiY3JlYXRlIjo2MDAwMDAwMDAwMDAsImRlbGV0ZSI6MTgwMDAwMDAwMDAwMCwidXBkYXRlIjo2MDAwMDAwMDAwMDB9fQ==",
          "dependencies": [
            "module.vpc.aws_eip.nat",
            "module.vpc.aws_internet_gateway.this",
            "module.vpc.aws_subnet.public",
            "module.vpc.aws_vpc.this",
            "module.vpc.aws_vpc_ipv4_cidr_block_association.this"
          ]
        }
      ]
    },
    {
      "module": "module.vpc",
      "mode": "managed",
      "type": "aws_route",
      "name": "private_nat_gateway",
      "provider": "provider[\"registry.terraform.io/hashicorp/aws\"]",
      "instances": [
        {
          "index_key": 0,
          "schema_version": 0,
          "attributes": {
            "carrier_gateway_id": "",
            "core_network_arn": "",
            "destination_cidr_block": "0.0.0.0/0",
            "destination_ipv6_cidr_block": "",
            "destination_prefix_list_id": "",
            "egress_only_gateway_id": "",
            "gateway_id": "",
            "id": "r-rtb-08eb4233bd4cc18781080289494",
            "instance_id": "",
            "instance_owner_id": "",
            "local_gateway_id": "",
            "nat_gateway_id": "nat-0cda774290fb377f6",
            "network_interface_id": "",
            "origin": "CreateRoute",
            "route_table_id": "rtb-08eb4233bd4cc1878",
            "state": "active",
            "timeouts": {
              "create": "5m",
              "delete": null,
              "update": null
            },
            "transit_gateway_id": "",
            "vpc_endpoint_id": "",
            "vpc_peering_connection_id": ""
          },
          "sensitive_attributes": [],
          "private": "eyJlMmJmYjczMC1lY2FhLTExZTYtOGY4OC0zNDM2M2JjN2M0YzAiOnsiY3JlYXRlIjozMDAwMDAwMDAwMDAsImRlbGV0ZSI6MzAwMDAwMDAwMDAwLCJ1cGRhdGUiOjEyMDAwMDAwMDAwMH19",
          "dependencies": [
            "module.vpc.aws_eip.nat",
            "module.vpc.aws_internet_gateway.this",
            "module.vpc.aws_nat_gateway.this",
            "module.vpc.aws_route_table.private",
            "module.vpc.aws_subnet.public",
            "module.vpc.aws_vpc.this",
            "module.vpc.aws_vpc_ipv4_cidr_block_association.this"
          ]
        },
        {
          "index_key": 1,
          "schema_version": 0,
          "attributes": {
            "carrier_gateway_id": "",
            "core_network_arn": "",
            "destination_cidr_block": "0.0.0.0/0",
            "destination_ipv6_cidr_block": "",
            "destination_prefix_list_id": "",
            "egress_only_gateway_id": "",
            "gateway_id": "",
            "id": "r-rtb-02c75a8302dd087e91080289494",
            "instance_id": "",
            "instance_owner_id": "",
            "local_gateway_id": "",
            "nat_gateway_id": "nat-0e6144dc987b9e1d9",
            "network_interface_id": "",
            "origin": "CreateRoute",
            "route_table_id": "rtb-02c75a8302dd087e9",
            "state": "active",
            "timeouts": {
              "create": "5m",
              "delete": null,
              "update": null
            },
            "transit_gateway_id": "",
            "vpc_endpoint_id": "",
            "vpc_peering_connection_id": ""
          },
          "sensitive_attributes": [],
          "private": "eyJlMmJmYjczMC1lY2FhLTExZTYtOGY4OC0zNDM2M2JjN2M0YzAiOnsiY3JlYXRlIjozMDAwMDAwMDAwMDAsImRlbGV0ZSI6MzAwMDAwMDAwMDAwLCJ1cGRhdGUiOjEyMDAwMDAwMDAwMH19",
          "dependencies": [
            "module.vpc.aws_eip.nat",
            "module.vpc.aws_internet_gateway.this",
            "module.vpc.aws_nat_gateway.this",
            "module.vpc.aws_route_table.private",
            "module.vpc.aws_subnet.public",
            "module.vpc.aws_vpc.this",
            "module.vpc.aws_vpc_ipv4_cidr_block_association.this"
          ]
        }
      ]
    },
    {
      "module": "module.vpc",
      "mode": "managed",
      "type": "aws_route",
      "name": "public_internet_gateway",
      "provider": "provider[\"registry.terraform.io/hashicorp/aws\"]",
      "instances": [
        {
          "index_key": 0,
          "schema_version": 0,
          "attributes": {
            "carrier_gateway_id": "",
            "core_network_arn": "",
            "destination_cidr_block": "0.0.0.0/0",
            "destination_ipv6_cidr_block": "",
            "destination_prefix_list_id": "",
            "egress_only_gateway_id": "",
            "gateway_id": "igw-027edb89bb1fde9ba",
            "id": "r-rtb-06b06277a6ec5a7641080289494",
            "instance_id": "",
            "instance_owner_id": "",
            "local_gateway_id": "",
            "nat_gateway_id": "",
            "network_interface_id": "",
            "origin": "CreateRoute",
            "route_table_id": "rtb-06b06277a6ec5a764",
            "state": "active",
            "timeouts": {
              "create": "5m",
              "delete": null,
              "update": null
            },
            "transit_gateway_id": "",
            "vpc_endpoint_id": "",
            "vpc_peering_connection_id": ""
          },
          "sensitive_attributes": [],
          "private": "eyJlMmJmYjczMC1lY2FhLTExZTYtOGY4OC0zNDM2M2JjN2M0YzAiOnsiY3JlYXRlIjozMDAwMDAwMDAwMDAsImRlbGV0ZSI6MzAwMDAwMDAwMDAwLCJ1cGRhdGUiOjEyMDAwMDAwMDAwMH19",
          "dependencies": [
            "module.vpc.aws_internet_gateway.this",
            "module.vpc.aws_route_table.public",
            "module.vpc.aws_vpc.this",
            "module.vpc.aws_vpc_ipv4_cidr_block_association.this"
          ]
        }
      ]
    },
    {
      "module": "module.vpc",
      "mode": "managed",
      "type": "aws_route_table",
      "name": "private",
      "provider": "provider[\"registry.terraform.io/hashicorp/aws\"]",
      "instances": [
        {
          "index_key": 0,
          "schema_version": 0,
          "attributes": {
            "arn": "arn:aws:ec2:us-east-1:334997284084:route-table/rtb-08eb4233bd4cc1878",
            "id": "rtb-08eb4233bd4cc1878",
            "owner_id": "334997284084",
            "propagating_vgws": [],
            "route": [],
            "tags": {
              "Name": "uda-dataeng-udacity-dev-vpc-private-us-east-1b",
              "environment": "dev",
              "owners": "udacity"
            },
            "tags_all": {
              "Name": "uda-dataeng-udacity-dev-vpc-private-us-east-1b",
              "comments": "this resource is managed by terraform",
              "environment": "dev",
              "owners": "udacity",
              "project": "uda-dataeng",
              "terraform": "true"
            },
            "timeouts": null,
            "vpc_id": "vpc-092c80ee8a35c706e"
          },
          "sensitive_attributes": [],
          "private": "eyJlMmJmYjczMC1lY2FhLTExZTYtOGY4OC0zNDM2M2JjN2M0YzAiOnsiY3JlYXRlIjozMDAwMDAwMDAwMDAsImRlbGV0ZSI6MzAwMDAwMDAwMDAwLCJ1cGRhdGUiOjEyMDAwMDAwMDAwMH19",
          "dependencies": [
            "module.vpc.aws_vpc.this",
            "module.vpc.aws_vpc_ipv4_cidr_block_association.this"
          ]
        },
        {
          "index_key": 1,
          "schema_version": 0,
          "attributes": {
            "arn": "arn:aws:ec2:us-east-1:334997284084:route-table/rtb-02c75a8302dd087e9",
            "id": "rtb-02c75a8302dd087e9",
            "owner_id": "334997284084",
            "propagating_vgws": [],
            "route": [],
            "tags": {
              "Name": "uda-dataeng-udacity-dev-vpc-private-us-east-1c",
              "environment": "dev",
              "owners": "udacity"
            },
            "tags_all": {
              "Name": "uda-dataeng-udacity-dev-vpc-private-us-east-1c",
              "comments": "this resource is managed by terraform",
              "environment": "dev",
              "owners": "udacity",
              "project": "uda-dataeng",
              "terraform": "true"
            },
            "timeouts": null,
            "vpc_id": "vpc-092c80ee8a35c706e"
          },
          "sensitive_attributes": [],
          "private": "eyJlMmJmYjczMC1lY2FhLTExZTYtOGY4OC0zNDM2M2JjN2M0YzAiOnsiY3JlYXRlIjozMDAwMDAwMDAwMDAsImRlbGV0ZSI6MzAwMDAwMDAwMDAwLCJ1cGRhdGUiOjEyMDAwMDAwMDAwMH19",
          "dependencies": [
            "module.vpc.aws_vpc.this",
            "module.vpc.aws_vpc_ipv4_cidr_block_association.this"
          ]
        }
      ]
    },
    {
      "module": "module.vpc",
      "mode": "managed",
      "type": "aws_route_table",
      "name": "public",
      "provider": "provider[\"registry.terraform.io/hashicorp/aws\"]",
      "instances": [
        {
          "index_key": 0,
          "schema_version": 0,
          "attributes": {
            "arn": "arn:aws:ec2:us-east-1:334997284084:route-table/rtb-06b06277a6ec5a764",
            "id": "rtb-06b06277a6ec5a764",
            "owner_id": "334997284084",
            "propagating_vgws": [],
            "route": [],
            "tags": {
              "Name": "uda-dataeng-udacity-dev-vpc-public",
              "environment": "dev",
              "owners": "udacity"
            },
            "tags_all": {
              "Name": "uda-dataeng-udacity-dev-vpc-public",
              "comments": "this resource is managed by terraform",
              "environment": "dev",
              "owners": "udacity",
              "project": "uda-dataeng",
              "terraform": "true"
            },
            "timeouts": null,
            "vpc_id": "vpc-092c80ee8a35c706e"
          },
          "sensitive_attributes": [],
          "private": "eyJlMmJmYjczMC1lY2FhLTExZTYtOGY4OC0zNDM2M2JjN2M0YzAiOnsiY3JlYXRlIjozMDAwMDAwMDAwMDAsImRlbGV0ZSI6MzAwMDAwMDAwMDAwLCJ1cGRhdGUiOjEyMDAwMDAwMDAwMH19",
          "dependencies": [
            "module.vpc.aws_vpc.this",
            "module.vpc.aws_vpc_ipv4_cidr_block_association.this"
          ]
        }
      ]
    },
    {
      "module": "module.vpc",
      "mode": "managed",
      "type": "aws_route_table_association",
      "name": "private",
      "provider": "provider[\"registry.terraform.io/hashicorp/aws\"]",
      "instances": [
        {
          "index_key": 0,
          "schema_version": 0,
          "attributes": {
            "gateway_id": "",
            "id": "rtbassoc-0f7cdc4b296586314",
            "route_table_id": "rtb-08eb4233bd4cc1878",
            "subnet_id": "subnet-0c9550a088b109e08",
            "timeouts": null
          },
          "sensitive_attributes": [],
          "private": "eyJlMmJmYjczMC1lY2FhLTExZTYtOGY4OC0zNDM2M2JjN2M0YzAiOnsiY3JlYXRlIjozMDAwMDAwMDAwMDAsImRlbGV0ZSI6MzAwMDAwMDAwMDAwLCJ1cGRhdGUiOjEyMDAwMDAwMDAwMH19",
          "dependencies": [
            "module.vpc.aws_route_table.private",
            "module.vpc.aws_subnet.private",
            "module.vpc.aws_vpc.this",
            "module.vpc.aws_vpc_ipv4_cidr_block_association.this"
          ]
        },
        {
          "index_key": 1,
          "schema_version": 0,
          "attributes": {
            "gateway_id": "",
            "id": "rtbassoc-034ff7ffb9d23f156",
            "route_table_id": "rtb-02c75a8302dd087e9",
            "subnet_id": "subnet-0d939fbd324192696",
            "timeouts": null
          },
          "sensitive_attributes": [],
          "private": "eyJlMmJmYjczMC1lY2FhLTExZTYtOGY4OC0zNDM2M2JjN2M0YzAiOnsiY3JlYXRlIjozMDAwMDAwMDAwMDAsImRlbGV0ZSI6MzAwMDAwMDAwMDAwLCJ1cGRhdGUiOjEyMDAwMDAwMDAwMH19",
          "dependencies": [
            "module.vpc.aws_route_table.private",
            "module.vpc.aws_subnet.private",
            "module.vpc.aws_vpc.this",
            "module.vpc.aws_vpc_ipv4_cidr_block_association.this"
          ]
        }
      ]
    },
    {
      "module": "module.vpc",
      "mode": "managed",
      "type": "aws_route_table_association",
      "name": "public",
      "provider": "provider[\"registry.terraform.io/hashicorp/aws\"]",
      "instances": [
        {
          "index_key": 0,
          "schema_version": 0,
          "attributes": {
            "gateway_id": "",
            "id": "rtbassoc-0497c3ebaa0104b52",
            "route_table_id": "rtb-06b06277a6ec5a764",
            "subnet_id": "subnet-0099260ab83ef5f27",
            "timeouts": null
          },
          "sensitive_attributes": [],
          "private": "eyJlMmJmYjczMC1lY2FhLTExZTYtOGY4OC0zNDM2M2JjN2M0YzAiOnsiY3JlYXRlIjozMDAwMDAwMDAwMDAsImRlbGV0ZSI6MzAwMDAwMDAwMDAwLCJ1cGRhdGUiOjEyMDAwMDAwMDAwMH19",
          "dependencies": [
            "module.vpc.aws_route_table.public",
            "module.vpc.aws_subnet.public",
            "module.vpc.aws_vpc.this",
            "module.vpc.aws_vpc_ipv4_cidr_block_association.this"
          ]
        },
        {
          "index_key": 1,
          "schema_version": 0,
          "attributes": {
            "gateway_id": "",
            "id": "rtbassoc-013817c8d9bd32103",
            "route_table_id": "rtb-06b06277a6ec5a764",
            "subnet_id": "subnet-01367e16939b067dd",
            "timeouts": null
          },
          "sensitive_attributes": [],
          "private": "eyJlMmJmYjczMC1lY2FhLTExZTYtOGY4OC0zNDM2M2JjN2M0YzAiOnsiY3JlYXRlIjozMDAwMDAwMDAwMDAsImRlbGV0ZSI6MzAwMDAwMDAwMDAwLCJ1cGRhdGUiOjEyMDAwMDAwMDAwMH19",
          "dependencies": [
            "module.vpc.aws_route_table.public",
            "module.vpc.aws_subnet.public",
            "module.vpc.aws_vpc.this",
            "module.vpc.aws_vpc_ipv4_cidr_block_association.this"
          ]
        }
      ]
    },
    {
      "module": "module.vpc",
      "mode": "managed",
      "type": "aws_subnet",
      "name": "private",
      "provider": "provider[\"registry.terraform.io/hashicorp/aws\"]",
      "instances": [
        {
          "index_key": 0,
          "schema_version": 1,
          "attributes": {
            "arn": "arn:aws:ec2:us-east-1:334997284084:subnet/subnet-0c9550a088b109e08",
            "assign_ipv6_address_on_creation": false,
            "availability_zone": "us-east-1b",
            "availability_zone_id": "use1-az2",
            "cidr_block": "10.0.1.0/24",
            "customer_owned_ipv4_pool": "",
            "enable_dns64": false,
            "enable_lni_at_device_index": 0,
            "enable_resource_name_dns_a_record_on_launch": false,
            "enable_resource_name_dns_aaaa_record_on_launch": false,
            "id": "subnet-0c9550a088b109e08",
            "ipv6_cidr_block": "",
            "ipv6_cidr_block_association_id": "",
            "ipv6_native": false,
            "map_customer_owned_ip_on_launch": false,
            "map_public_ip_on_launch": false,
            "outpost_arn": "",
            "owner_id": "334997284084",
            "private_dns_hostname_type_on_launch": "ip-name",
            "tags": {
              "Name": "VPC Private Subnets",
              "environment": "dev",
              "owners": "udacity"
            },
            "tags_all": {
              "Name": "VPC Private Subnets",
              "comments": "this resource is managed by terraform",
              "environment": "dev",
              "owners": "udacity",
              "project": "uda-dataeng",
              "terraform": "true"
            },
            "timeouts": null,
            "vpc_id": "vpc-092c80ee8a35c706e"
          },
          "sensitive_attributes": [],
          "private": "eyJlMmJmYjczMC1lY2FhLTExZTYtOGY4OC0zNDM2M2JjN2M0YzAiOnsiY3JlYXRlIjo2MDAwMDAwMDAwMDAsImRlbGV0ZSI6MTIwMDAwMDAwMDAwMH0sInNjaGVtYV92ZXJzaW9uIjoiMSJ9",
          "dependencies": [
            "module.vpc.aws_vpc.this",
            "module.vpc.aws_vpc_ipv4_cidr_block_association.this"
          ]
        },
        {
          "index_key": 1,
          "schema_version": 1,
          "attributes": {
            "arn": "arn:aws:ec2:us-east-1:334997284084:subnet/subnet-0d939fbd324192696",
            "assign_ipv6_address_on_creation": false,
            "availability_zone": "us-east-1c",
            "availability_zone_id": "use1-az4",
            "cidr_block": "10.0.2.0/24",
            "customer_owned_ipv4_pool": "",
            "enable_dns64": false,
            "enable_lni_at_device_index": 0,
            "enable_resource_name_dns_a_record_on_launch": false,
            "enable_resource_name_dns_aaaa_record_on_launch": false,
            "id": "subnet-0d939fbd324192696",
            "ipv6_cidr_block": "",
            "ipv6_cidr_block_association_id": "",
            "ipv6_native": false,
            "map_customer_owned_ip_on_launch": false,
            "map_public_ip_on_launch": false,
            "outpost_arn": "",
            "owner_id": "334997284084",
            "private_dns_hostname_type_on_launch": "ip-name",
            "tags": {
              "Name": "VPC Private Subnets",
              "environment": "dev",
              "owners": "udacity"
            },
            "tags_all": {
              "Name": "VPC Private Subnets",
              "comments": "this resource is managed by terraform",
              "environment": "dev",
              "owners": "udacity",
              "project": "uda-dataeng",
              "terraform": "true"
            },
            "timeouts": null,
            "vpc_id": "vpc-092c80ee8a35c706e"
          },
          "sensitive_attributes": [],
          "private": "eyJlMmJmYjczMC1lY2FhLTExZTYtOGY4OC0zNDM2M2JjN2M0YzAiOnsiY3JlYXRlIjo2MDAwMDAwMDAwMDAsImRlbGV0ZSI6MTIwMDAwMDAwMDAwMH0sInNjaGVtYV92ZXJzaW9uIjoiMSJ9",
          "dependencies": [
            "module.vpc.aws_vpc.this",
            "module.vpc.aws_vpc_ipv4_cidr_block_association.this"
          ]
        }
      ]
    },
    {
      "module": "module.vpc",
      "mode": "managed",
      "type": "aws_subnet",
      "name": "public",
      "provider": "provider[\"registry.terraform.io/hashicorp/aws\"]",
      "instances": [
        {
          "index_key": 0,
          "schema_version": 1,
          "attributes": {
            "arn": "arn:aws:ec2:us-east-1:334997284084:subnet/subnet-0099260ab83ef5f27",
            "assign_ipv6_address_on_creation": false,
            "availability_zone": "us-east-1b",
            "availability_zone_id": "use1-az2",
            "cidr_block": "10.0.101.0/24",
            "customer_owned_ipv4_pool": "",
            "enable_dns64": false,
            "enable_lni_at_device_index": 0,
            "enable_resource_name_dns_a_record_on_launch": false,
            "enable_resource_name_dns_aaaa_record_on_launch": false,
            "id": "subnet-0099260ab83ef5f27",
            "ipv6_cidr_block": "",
            "ipv6_cidr_block_association_id": "",
            "ipv6_native": false,
            "map_customer_owned_ip_on_launch": false,
            "map_public_ip_on_launch": true,
            "outpost_arn": "",
            "owner_id": "334997284084",
            "private_dns_hostname_type_on_launch": "ip-name",
            "tags": {
              "Name": "VPC Public Subnets",
              "environment": "dev",
              "owners": "udacity"
            },
            "tags_all": {
              "Name": "VPC Public Subnets",
              "comments": "this resource is managed by terraform",
              "environment": "dev",
              "owners": "udacity",
              "project": "uda-dataeng",
              "terraform": "true"
            },
            "timeouts": null,
            "vpc_id": "vpc-092c80ee8a35c706e"
          },
          "sensitive_attributes": [],
          "private": "eyJlMmJmYjczMC1lY2FhLTExZTYtOGY4OC0zNDM2M2JjN2M0YzAiOnsiY3JlYXRlIjo2MDAwMDAwMDAwMDAsImRlbGV0ZSI6MTIwMDAwMDAwMDAwMH0sInNjaGVtYV92ZXJzaW9uIjoiMSJ9",
          "dependencies": [
            "module.vpc.aws_vpc.this",
            "module.vpc.aws_vpc_ipv4_cidr_block_association.this"
          ]
        },
        {
          "index_key": 1,
          "schema_version": 1,
          "attributes": {
            "arn": "arn:aws:ec2:us-east-1:334997284084:subnet/subnet-01367e16939b067dd",
            "assign_ipv6_address_on_creation": false,
            "availability_zone": "us-east-1c",
            "availability_zone_id": "use1-az4",
            "cidr_block": "10.0.102.0/24",
            "customer_owned_ipv4_pool": "",
            "enable_dns64": false,
            "enable_lni_at_device_index": 0,
            "enable_resource_name_dns_a_record_on_launch": false,
            "enable_resource_name_dns_aaaa_record_on_launch": false,
            "id": "subnet-01367e16939b067dd",
            "ipv6_cidr_block": "",
            "ipv6_cidr_block_association_id": "",
            "ipv6_native": false,
            "map_customer_owned_ip_on_launch": false,
            "map_public_ip_on_launch": true,
            "outpost_arn": "",
            "owner_id": "334997284084",
            "private_dns_hostname_type_on_launch": "ip-name",
            "tags": {
              "Name": "VPC Public Subnets",
              "environment": "dev",
              "owners": "udacity"
            },
            "tags_all": {
              "Name": "VPC Public Subnets",
              "comments": "this resource is managed by terraform",
              "environment": "dev",
              "owners": "udacity",
              "project": "uda-dataeng",
              "terraform": "true"
            },
            "timeouts": null,
            "vpc_id": "vpc-092c80ee8a35c706e"
          },
          "sensitive_attributes": [],
          "private": "eyJlMmJmYjczMC1lY2FhLTExZTYtOGY4OC0zNDM2M2JjN2M0YzAiOnsiY3JlYXRlIjo2MDAwMDAwMDAwMDAsImRlbGV0ZSI6MTIwMDAwMDAwMDAwMH0sInNjaGVtYV92ZXJzaW9uIjoiMSJ9",
          "dependencies": [
            "module.vpc.aws_vpc.this",
            "module.vpc.aws_vpc_ipv4_cidr_block_association.this"
          ]
        }
      ]
    },
    {
      "module": "module.vpc",
      "mode": "managed",
      "type": "aws_vpc",
      "name": "this",
      "provider": "provider[\"registry.terraform.io/hashicorp/aws\"]",
      "instances": [
        {
          "index_key": 0,
          "schema_version": 1,
          "attributes": {
            "arn": "arn:aws:ec2:us-east-1:334997284084:vpc/vpc-092c80ee8a35c706e",
            "assign_generated_ipv6_cidr_block": false,
            "cidr_block": "10.0.0.0/16",
            "default_network_acl_id": "acl-039b9ff9dbc180978",
            "default_route_table_id": "rtb-0030b9425e219331c",
            "default_security_group_id": "sg-0296ff600518f2114",
            "dhcp_options_id": "dopt-0d8aaccedad89d896",
            "enable_dns_hostnames": true,
            "enable_dns_support": true,
            "enable_network_address_usage_metrics": false,
            "id": "vpc-092c80ee8a35c706e",
            "instance_tenancy": "default",
            "ipv4_ipam_pool_id": null,
            "ipv4_netmask_length": null,
            "ipv6_association_id": "",
            "ipv6_cidr_block": "",
            "ipv6_cidr_block_network_border_group": "",
            "ipv6_ipam_pool_id": "",
            "ipv6_netmask_length": 0,
            "main_route_table_id": "rtb-0030b9425e219331c",
            "owner_id": "334997284084",
            "tags": {
              "Name": "uda-dataeng-udacity-dev-vpc",
              "environment": "dev",
              "owners": "udacity"
            },
            "tags_all": {
              "Name": "uda-dataeng-udacity-dev-vpc",
              "comments": "this resource is managed by terraform",
              "environment": "dev",
              "owners": "udacity",
              "project": "uda-dataeng",
              "terraform": "true"
            }
          },
          "sensitive_attributes": [],
          "private": "eyJzY2hlbWFfdmVyc2lvbiI6IjEifQ=="
        }
      ]
    }
  ],
  "check_results": null
}
